{
  "name": "gan-web-bluetooth",
  "version": "2.2.0",
  "lockfileVersion": 3,
  "requires": true,
  "packages": {
    "": {
      "name": "gan-web-bluetooth",
      "version": "2.2.0",
      "license": "MIT",
      "dependencies": {
        "@types/web-bluetooth": "^0.0.20",
        "aes-js": "^3.1.2",
        "rxjs": ">= 7"
      },
      "devDependencies": {
        "@rollup/plugin-typescript": "^11.1.6",
        "@types/aes-js": "^3.1.4",
        "@types/node": "^20.11.17",
        "rollup": "^4.10.0",
        "typescript": "^5.3.3"
      }
    },
    "node_modules/@rollup/plugin-typescript": {
      "version": "11.1.6",
      "resolved": "https://registry.npmjs.org/@rollup/plugin-typescript/-/plugin-typescript-11.1.6.tgz",
      "integrity": "sha512-R92yOmIACgYdJ7dJ97p4K69I8gg6IEHt8M7dUBxN3W6nrO8uUxX5ixl0yU/N3aZTi8WhPuICvOHXQvF6FaykAA==",
      "dev": true,
      "dependencies": {
        "@rollup/pluginutils": "^5.1.0",
        "resolve": "^1.22.1"
      },
      "engines": {
        "node": ">=14.0.0"
      },
      "peerDependencies": {
        "rollup": "^2.14.0||^3.0.0||^4.0.0",
        "tslib": "*",
        "typescript": ">=3.7.0"
      },
      "peerDependenciesMeta": {
        "rollup": {
          "optional": true
        },
        "tslib": {
          "optional": true
        }
      }
    },
    "node_modules/@rollup/pluginutils": {
      "version": "5.1.0",
      "resolved": "https://registry.npmjs.org/@rollup/pluginutils/-/pluginutils-5.1.0.tgz",
      "integrity": "sha512-XTIWOPPcpvyKI6L1NHo0lFlCyznUEyPmPY1mc3KpPVDYulHSTvyeLNVW00QTLIAFNhR3kYnJTQHeGqU4M3n09g==",
      "dev": true,
      "dependencies": {
        "@types/estree": "^1.0.0",
        "estree-walker": "^2.0.2",
        "picomatch": "^2.3.1"
      },
      "engines": {
        "node": ">=14.0.0"
      },
      "peerDependencies": {
        "rollup": "^1.20.0||^2.0.0||^3.0.0||^4.0.0"
      },
      "peerDependenciesMeta": {
        "rollup": {
          "optional": true
        }
      }
    },
    "node_modules/@rollup/rollup-android-arm-eabi": {
      "version": "4.10.0",
      "resolved": "https://registry.npmjs.org/@rollup/rollup-android-arm-eabi/-/rollup-android-arm-eabi-4.10.0.tgz",
      "integrity": "sha512-/MeDQmcD96nVoRumKUljsYOLqfv1YFJps+0pTrb2Z9Nl/w5qNUysMaWQsrd1mvAlNT4yza1iVyIu4Q4AgF6V3A==",
      "cpu": [
        "arm"
      ],
      "dev": true,
      "optional": true,
      "os": [
        "android"
      ]
    },
    "node_modules/@rollup/rollup-android-arm64": {
      "version": "4.10.0",
      "resolved": "https://registry.npmjs.org/@rollup/rollup-android-arm64/-/rollup-android-arm64-4.10.0.tgz",
      "integrity": "sha512-lvu0jK97mZDJdpZKDnZI93I0Om8lSDaiPx3OiCk0RXn3E8CMPJNS/wxjAvSJJzhhZpfjXsjLWL8LnS6qET4VNQ==",
      "cpu": [
        "arm64"
      ],
      "dev": true,
      "optional": true,
      "os": [
        "android"
      ]
    },
    "node_modules/@rollup/rollup-darwin-arm64": {
      "version": "4.10.0",
      "resolved": "https://registry.npmjs.org/@rollup/rollup-darwin-arm64/-/rollup-darwin-arm64-4.10.0.tgz",
      "integrity": "sha512-uFpayx8I8tyOvDkD7X6n0PriDRWxcqEjqgtlxnUA/G9oS93ur9aZ8c8BEpzFmsed1TH5WZNG5IONB8IiW90TQg==",
      "cpu": [
        "arm64"
      ],
      "dev": true,
      "optional": true,
      "os": [
        "darwin"
      ]
    },
    "node_modules/@rollup/rollup-darwin-x64": {
      "version": "4.10.0",
      "resolved": "https://registry.npmjs.org/@rollup/rollup-darwin-x64/-/rollup-darwin-x64-4.10.0.tgz",
      "integrity": "sha512-nIdCX03qFKoR/MwQegQBK+qZoSpO3LESurVAC6s6jazLA1Mpmgzo3Nj3H1vydXp/JM29bkCiuF7tDuToj4+U9Q==",
      "cpu": [
        "x64"
      ],
      "dev": true,
      "optional": true,
      "os": [
        "darwin"
      ]
    },
    "node_modules/@rollup/rollup-linux-arm-gnueabihf": {
      "version": "4.10.0",
      "resolved": "https://registry.npmjs.org/@rollup/rollup-linux-arm-gnueabihf/-/rollup-linux-arm-gnueabihf-4.10.0.tgz",
      "integrity": "sha512-Fz7a+y5sYhYZMQFRkOyCs4PLhICAnxRX/GnWYReaAoruUzuRtcf+Qnw+T0CoAWbHCuz2gBUwmWnUgQ67fb3FYw==",
      "cpu": [
        "arm"
      ],
      "dev": true,
      "optional": true,
      "os": [
        "linux"
      ]
    },
    "node_modules/@rollup/rollup-linux-arm64-gnu": {
      "version": "4.10.0",
      "resolved": "https://registry.npmjs.org/@rollup/rollup-linux-arm64-gnu/-/rollup-linux-arm64-gnu-4.10.0.tgz",
      "integrity": "sha512-yPtF9jIix88orwfTi0lJiqINnlWo6p93MtZEoaehZnmCzEmLL0eqjA3eGVeyQhMtxdV+Mlsgfwhh0+M/k1/V7Q==",
      "cpu": [
        "arm64"
      ],
      "dev": true,
      "optional": true,
      "os": [
        "linux"
      ]
    },
    "node_modules/@rollup/rollup-linux-arm64-musl": {
      "version": "4.10.0",
      "resolved": "https://registry.npmjs.org/@rollup/rollup-linux-arm64-musl/-/rollup-linux-arm64-musl-4.10.0.tgz",
      "integrity": "sha512-9GW9yA30ib+vfFiwjX+N7PnjTnCMiUffhWj4vkG4ukYv1kJ4T9gHNg8zw+ChsOccM27G9yXrEtMScf1LaCuoWQ==",
      "cpu": [
        "arm64"
      ],
      "dev": true,
      "optional": true,
      "os": [
        "linux"
      ]
    },
    "node_modules/@rollup/rollup-linux-riscv64-gnu": {
      "version": "4.10.0",
      "resolved": "https://registry.npmjs.org/@rollup/rollup-linux-riscv64-gnu/-/rollup-linux-riscv64-gnu-4.10.0.tgz",
      "integrity": "sha512-X1ES+V4bMq2ws5fF4zHornxebNxMXye0ZZjUrzOrf7UMx1d6wMQtfcchZ8SqUnQPPHdOyOLW6fTcUiFgHFadRA==",
      "cpu": [
        "riscv64"
      ],
      "dev": true,
      "optional": true,
      "os": [
        "linux"
      ]
    },
    "node_modules/@rollup/rollup-linux-x64-gnu": {
      "version": "4.10.0",
      "resolved": "https://registry.npmjs.org/@rollup/rollup-linux-x64-gnu/-/rollup-linux-x64-gnu-4.10.0.tgz",
      "integrity": "sha512-w/5OpT2EnI/Xvypw4FIhV34jmNqU5PZjZue2l2Y3ty1Ootm3SqhI+AmfhlUYGBTd9JnpneZCDnt3uNOiOBkMyw==",
      "cpu": [
        "x64"
      ],
      "dev": true,
      "optional": true,
      "os": [
        "linux"
      ]
    },
    "node_modules/@rollup/rollup-linux-x64-musl": {
      "version": "4.10.0",
      "resolved": "https://registry.npmjs.org/@rollup/rollup-linux-x64-musl/-/rollup-linux-x64-musl-4.10.0.tgz",
      "integrity": "sha512-q/meftEe3QlwQiGYxD9rWwB21DoKQ9Q8wA40of/of6yGHhZuGfZO0c3WYkN9dNlopHlNT3mf5BPsUSxoPuVQaw==",
      "cpu": [
        "x64"
      ],
      "dev": true,
      "optional": true,
      "os": [
        "linux"
      ]
    },
    "node_modules/@rollup/rollup-win32-arm64-msvc": {
      "version": "4.10.0",
      "resolved": "https://registry.npmjs.org/@rollup/rollup-win32-arm64-msvc/-/rollup-win32-arm64-msvc-4.10.0.tgz",
      "integrity": "sha512-NrR6667wlUfP0BHaEIKgYM/2va+Oj+RjZSASbBMnszM9k+1AmliRjHc3lJIiOehtSSjqYiO7R6KLNrWOX+YNSQ==",
      "cpu": [
        "arm64"
      ],
      "dev": true,
      "optional": true,
      "os": [
        "win32"
      ]
    },
    "node_modules/@rollup/rollup-win32-ia32-msvc": {
      "version": "4.10.0",
      "resolved": "https://registry.npmjs.org/@rollup/rollup-win32-ia32-msvc/-/rollup-win32-ia32-msvc-4.10.0.tgz",
      "integrity": "sha512-FV0Tpt84LPYDduIDcXvEC7HKtyXxdvhdAOvOeWMWbQNulxViH2O07QXkT/FffX4FqEI02jEbCJbr+YcuKdyyMg==",
      "cpu": [
        "ia32"
      ],
      "dev": true,
      "optional": true,
      "os": [
        "win32"
      ]
    },
    "node_modules/@rollup/rollup-win32-x64-msvc": {
      "version": "4.10.0",
      "resolved": "https://registry.npmjs.org/@rollup/rollup-win32-x64-msvc/-/rollup-win32-x64-msvc-4.10.0.tgz",
      "integrity": "sha512-OZoJd+o5TaTSQeFFQ6WjFCiltiYVjIdsXxwu/XZ8qRpsvMQr4UsVrE5UyT9RIvsnuF47DqkJKhhVZ2Q9YW9IpQ==",
      "cpu": [
        "x64"
      ],
      "dev": true,
      "optional": true,
      "os": [
        "win32"
      ]
    },
    "node_modules/@types/aes-js": {
      "version": "3.1.4",
      "resolved": "https://registry.npmjs.org/@types/aes-js/-/aes-js-3.1.4.tgz",
      "integrity": "sha512-v3D66IptpUqh+pHKVNRxY8yvp2ESSZXe0rTzsGdzUhEwag7ljVfgCllkWv2YgiYXDhWFBrEywll4A5JToyTNFA==",
      "dev": true
    },
    "node_modules/@types/estree": {
      "version": "1.0.5",
      "resolved": "https://registry.npmjs.org/@types/estree/-/estree-1.0.5.tgz",
      "integrity": "sha512-/kYRxGDLWzHOB7q+wtSUQlFrtcdUccpfy+X+9iMBpHK8QLLhx2wIPYuS5DYtR9Wa/YlZAbIovy7qVdB1Aq6Lyw==",
      "dev": true
    },
    "node_modules/@types/node": {
      "version": "20.11.17",
      "resolved": "https://registry.npmjs.org/@types/node/-/node-20.11.17.tgz",
      "integrity": "sha512-QmgQZGWu1Yw9TDyAP9ZzpFJKynYNeOvwMJmaxABfieQoVoiVOS6MN1WSpqpRcbeA5+RW82kraAVxCCJg+780Qw==",
      "dev": true,
      "dependencies": {
        "undici-types": "~5.26.4"
      }
    },
    "node_modules/@types/web-bluetooth": {
      "version": "0.0.20",
      "resolved": "https://registry.npmjs.org/@types/web-bluetooth/-/web-bluetooth-0.0.20.tgz",
      "integrity": "sha512-g9gZnnXVq7gM7v3tJCWV/qw7w+KeOlSHAhgF9RytFyifW6AF61hdT2ucrYhPq9hLs5JIryeupHV3qGk95dH9ow=="
    },
    "node_modules/aes-js": {
      "version": "3.1.2",
      "resolved": "https://registry.npmjs.org/aes-js/-/aes-js-3.1.2.tgz",
      "integrity": "sha512-e5pEa2kBnBOgR4Y/p20pskXI74UEz7de8ZGVo58asOtvSVG5YAbJeELPZxOmt+Bnz3rX753YKhfIn4X4l1PPRQ=="
    },
    "node_modules/estree-walker": {
      "version": "2.0.2",
      "resolved": "https://registry.npmjs.org/estree-walker/-/estree-walker-2.0.2.tgz",
      "integrity": "sha512-Rfkk/Mp/DL7JVje3u18FxFujQlTNR2q6QfMSMB7AvCBx91NGj/ba3kCfza0f6dVDbw7YlRf/nDrn7pQrCCyQ/w==",
      "dev": true
    },
    "node_modules/fsevents": {
      "version": "2.3.3",
      "resolved": "https://registry.npmjs.org/fsevents/-/fsevents-2.3.3.tgz",
      "integrity": "sha512-5xoDfX+fL7faATnagmWPpbFtwh/R77WmMMqqHGS65C3vvB0YHrgF+B1YmZ3441tMj5n63k0212XNoJwzlhffQw==",
      "dev": true,
      "hasInstallScript": true,
      "optional": true,
      "os": [
        "darwin"
      ],
      "engines": {
        "node": "^8.16.0 || ^10.6.0 || >=11.0.0"
      }
    },
    "node_modules/function-bind": {
      "version": "1.1.2",
      "resolved": "https://registry.npmjs.org/function-bind/-/function-bind-1.1.2.tgz",
      "integrity": "sha512-7XHNxH7qX9xG5mIwxkhumTox/MIRNcOgDrxWsMt2pAr23WHp6MrRlN7FBSFpCpr+oVO0F744iUgR82nJMfG2SA==",
      "dev": true,
      "funding": {
        "url": "https://github.com/sponsors/ljharb"
      }
    },
    "node_modules/hasown": {
      "version": "2.0.1",
      "resolved": "https://registry.npmjs.org/hasown/-/hasown-2.0.1.tgz",
      "integrity": "sha512-1/th4MHjnwncwXsIW6QMzlvYL9kG5e/CpVvLRZe4XPa8TOUNbCELqmvhDmnkNsAjwaG4+I8gJJL0JBvTTLO9qA==",
      "dev": true,
      "dependencies": {
        "function-bind": "^1.1.2"
      },
      "engines": {
        "node": ">= 0.4"
      }
    },
    "node_modules/is-core-module": {
      "version": "2.13.1",
      "resolved": "https://registry.npmjs.org/is-core-module/-/is-core-module-2.13.1.tgz",
      "integrity": "sha512-hHrIjvZsftOsvKSn2TRYl63zvxsgE0K+0mYMoH6gD4omR5IWB2KynivBQczo3+wF1cCkjzvptnI9Q0sPU66ilw==",
      "dev": true,
      "dependencies": {
        "hasown": "^2.0.0"
      },
      "funding": {
        "url": "https://github.com/sponsors/ljharb"
      }
    },
    "node_modules/path-parse": {
      "version": "1.0.7",
      "resolved": "https://registry.npmjs.org/path-parse/-/path-parse-1.0.7.tgz",
      "integrity": "sha512-LDJzPVEEEPR+y48z93A0Ed0yXb8pAByGWo/k5YYdYgpY2/2EsOsksJrq7lOHxryrVOn1ejG6oAp8ahvOIQD8sw==",
      "dev": true
    },
    "node_modules/picomatch": {
      "version": "2.3.1",
      "resolved": "https://registry.npmjs.org/picomatch/-/picomatch-2.3.1.tgz",
      "integrity": "sha512-JU3teHTNjmE2VCGFzuY8EXzCDVwEqB2a8fsIvwaStHhAWJEeVd1o1QD80CU6+ZdEXXSLbSsuLwJjkCBWqRQUVA==",
      "dev": true,
      "engines": {
        "node": ">=8.6"
      },
      "funding": {
        "url": "https://github.com/sponsors/jonschlinkert"
      }
    },
    "node_modules/resolve": {
      "version": "1.22.8",
      "resolved": "https://registry.npmjs.org/resolve/-/resolve-1.22.8.tgz",
      "integrity": "sha512-oKWePCxqpd6FlLvGV1VU0x7bkPmmCNolxzjMf4NczoDnQcIWrAF+cPtZn5i6n+RfD2d9i0tzpKnG6Yk168yIyw==",
      "dev": true,
      "dependencies": {
        "is-core-module": "^2.13.0",
        "path-parse": "^1.0.7",
        "supports-preserve-symlinks-flag": "^1.0.0"
      },
      "bin": {
        "resolve": "bin/resolve"
      },
      "funding": {
        "url": "https://github.com/sponsors/ljharb"
      }
    },
    "node_modules/rollup": {
      "version": "4.10.0",
      "resolved": "https://registry.npmjs.org/rollup/-/rollup-4.10.0.tgz",
      "integrity": "sha512-t2v9G2AKxcQ8yrG+WGxctBes1AomT0M4ND7jTFBCVPXQ/WFTvNSefIrNSmLKhIKBrvN8SG+CZslimJcT3W2u2g==",
      "dev": true,
      "dependencies": {
        "@types/estree": "1.0.5"
      },
      "bin": {
        "rollup": "dist/bin/rollup"
      },
      "engines": {
        "node": ">=18.0.0",
        "npm": ">=8.0.0"
      },
      "optionalDependencies": {
        "@rollup/rollup-android-arm-eabi": "4.10.0",
        "@rollup/rollup-android-arm64": "4.10.0",
        "@rollup/rollup-darwin-arm64": "4.10.0",
        "@rollup/rollup-darwin-x64": "4.10.0",
        "@rollup/rollup-linux-arm-gnueabihf": "4.10.0",
        "@rollup/rollup-linux-arm64-gnu": "4.10.0",
        "@rollup/rollup-linux-arm64-musl": "4.10.0",
        "@rollup/rollup-linux-riscv64-gnu": "4.10.0",
        "@rollup/rollup-linux-x64-gnu": "4.10.0",
        "@rollup/rollup-linux-x64-musl": "4.10.0",
        "@rollup/rollup-win32-arm64-msvc": "4.10.0",
        "@rollup/rollup-win32-ia32-msvc": "4.10.0",
        "@rollup/rollup-win32-x64-msvc": "4.10.0",
        "fsevents": "~2.3.2"
      }
    },
    "node_modules/rxjs": {
      "version": "7.8.1",
      "resolved": "https://registry.npmjs.org/rxjs/-/rxjs-7.8.1.tgz",
      "integrity": "sha512-AA3TVj+0A2iuIoQkWEK/tqFjBq2j+6PO6Y0zJcvzLAFhEFIO3HL0vls9hWLncZbAAbK0mar7oZ4V079I/qPMxg==",
      "dependencies": {
        "tslib": "^2.1.0"
      }
    },
    "node_modules/supports-preserve-symlinks-flag": {
      "version": "1.0.0",
      "resolved": "https://registry.npmjs.org/supports-preserve-symlinks-flag/-/supports-preserve-symlinks-flag-1.0.0.tgz",
      "integrity": "sha512-ot0WnXS9fgdkgIcePe6RHNk1WA8+muPa6cSjeR3V8K27q9BB1rTE3R1p7Hv0z1ZyAc8s6Vvv8DIyWf681MAt0w==",
      "dev": true,
      "engines": {
        "node": ">= 0.4"
      },
      "funding": {
        "url": "https://github.com/sponsors/ljharb"
      }
    },
    "node_modules/tslib": {
      "version": "2.6.2",
      "resolved": "https://registry.npmjs.org/tslib/-/tslib-2.6.2.tgz",
      "integrity": "sha512-AEYxH93jGFPn/a2iVAwW87VuUIkR1FVUKB77NwMF7nBTDkDrrT/Hpt/IrCJ0QXhW27jTBDcf5ZY7w6RiqTMw2Q=="
    },
    "node_modules/typescript": {
      "version": "5.3.3",
      "resolved": "https://registry.npmjs.org/typescript/-/typescript-5.3.3.tgz",
      "integrity": "sha512-pXWcraxM0uxAS+tN0AG/BF2TyqmHO014Z070UsJ+pFvYuRSq8KH8DmWpnbXe0pEPDHXZV3FcAbJkijJ5oNEnWw==",
      "dev": true,
      "bin": {
        "tsc": "bin/tsc",
        "tsserver": "bin/tsserver"
      },
      "engines": {
        "node": ">=14.17"
      }
    },
    "node_modules/undici-types": {
      "version": "5.26.5",
      "resolved": "https://registry.npmjs.org/undici-types/-/undici-types-5.26.5.tgz",
      "integrity": "sha512-JlCMO+ehdEIKqlFxk6IfVoAUVmgz7cU7zD/h9XZ0qzeosSHmUJVOzSQvvYSYWXkFXC+IfLKSIffhv0sVZup6pA==",
      "dev": true
    }
  }
}
